
Microsoft Visual Studio Solution File, Format Version 12.00
# Visual Studio Version 16
VisualStudioVersion = 16.0.31702.278
MinimumVisualStudioVersion = 10.0.40219.1
Project("{FAE04EC0-301F-11D3-BF4B-00C04F79EFBC}") = "Mde.Project.Mobile.UWP", "Mde.Project.Mobile\Mde.Project.Mobile.UWP\Mde.Project.Mobile.UWP.csproj", "{4CC51649-1951-4FFF-81A9-EDFD94E1193B}"
EndProject
Project("{FAE04EC0-301F-11D3-BF4B-00C04F79EFBC}") = "Mde.Project.Mobile.Android", "Mde.Project.Mobile\Mde.Project.Mobile.Android\Mde.Project.Mobile.Android.csproj", "{2D4A1F6F-8A4F-4BBE-83EA-4ACFB85E97C1}"
EndProject
Project("{FAE04EC0-301F-11D3-BF4B-00C04F79EFBC}") = "Mde.Project.Mobile.iOS", "Mde.Project.Mobile\Mde.Project.Mobile.iOS\Mde.Project.Mobile.iOS.csproj", "{D66A30B6-1B54-421A-854A-BF3371CFA7B9}"
EndProject
Project("{9A19103F-16F7-4668-BE54-9A1E7A4F7556}") = "Mde.Project.Mobile", "Mde.Project.Mobile\Mde.Project.Mobile\Mde.Project.Mobile.csproj", "{E67068A7-067F-4015-94B2-B05C2CC1FAA0}"
EndProject
Project("{9A19103F-16F7-4668-BE54-9A1E7A4F7556}") = "Imi.Project.Api", "D:\VS Repos\PRI project\st-2021-2-S4A-imi-ee-pri-projectwerk-MattiasVermeersch\src\Imi.Project.Api\Imi.Project.Api.csproj", "{A5AFDC4F-7D71-440C-9CDA-D3208656D18A}"
EndProject
Project("{9A19103F-16F7-4668-BE54-9A1E7A4F7556}") = "Imi.Project.Api.Core", "D:\VS Repos\PRI project\st-2021-2-S4A-imi-ee-pri-projectwerk-MattiasVermeersch\src\Imi.Project.Api.Core\Imi.Project.Api.Core.csproj", "{57FFD13C-3AC0-4564-A74E-E166C56EF9F7}"
EndProject
Project("{9A19103F-16F7-4668-BE54-9A1E7A4F7556}") = "Imi.Project.Api.Infrastructure", "D:\VS Repos\PRI project\st-2021-2-S4A-imi-ee-pri-projectwerk-MattiasVermeersch\src\Imi.Project.Api.Infrastructure\Imi.Project.Api.Infrastructure.csproj", "{D2CC3A7D-DA27-4C17-9F91-1635F1424732}"
EndProject
Global
	GlobalSection(SolutionConfigurationPlatforms) = preSolution
		Debug|Any CPU = Debug|Any CPU
		Debug|ARM = Debug|ARM
		Debug|iPhone = Debug|iPhone
		Debug|iPhoneSimulator = Debug|iPhoneSimulator
		Debug|x64 = Debug|x64
		Debug|x86 = Debug|x86
		Release|Any CPU = Release|Any CPU
		Release|ARM = Release|ARM
		Release|iPhone = Release|iPhone
		Release|iPhoneSimulator = Release|iPhoneSimulator
		Release|x64 = Release|x64
		Release|x86 = Release|x86
	EndGlobalSection
	GlobalSection(ProjectConfigurationPlatforms) = postSolution
		{4CC51649-1951-4FFF-81A9-EDFD94E1193B}.Debug|Any CPU.ActiveCfg = Debug|x86
		{4CC51649-1951-4FFF-81A9-EDFD94E1193B}.Debug|Any CPU.Build.0 = Debug|x86
		{4CC51649-1951-4FFF-81A9-EDFD94E1193B}.Debug|Any CPU.Deploy.0 = Debug|x86
		{4CC51649-1951-4FFF-81A9-EDFD94E1193B}.Debug|ARM.ActiveCfg = Debug|ARM
		{4CC51649-1951-4FFF-81A9-EDFD94E1193B}.Debug|ARM.Build.0 = Debug|ARM
		{4CC51649-1951-4FFF-81A9-EDFD94E1193B}.Debug|ARM.Deploy.0 = Debug|ARM
		{4CC51649-1951-4FFF-81A9-EDFD94E1193B}.Debug|iPhone.ActiveCfg = Debug|x86
		{4CC51649-1951-4FFF-81A9-EDFD94E1193B}.Debug|iPhone.Build.0 = Debug|x86
		{4CC51649-1951-4FFF-81A9-EDFD94E1193B}.Debug|iPhone.Deploy.0 = Debug|x86
		{4CC51649-1951-4FFF-81A9-EDFD94E1193B}.Debug|iPhoneSimulator.ActiveCfg = Debug|x86
		{4CC51649-1951-4FFF-81A9-EDFD94E1193B}.Debug|iPhoneSimulator.Build.0 = Debug|x86
		{4CC51649-1951-4FFF-81A9-EDFD94E1193B}.Debug|iPhoneSimulator.Deploy.0 = Debug|x86
		{4CC51649-1951-4FFF-81A9-EDFD94E1193B}.Debug|x64.ActiveCfg = Debug|x64
		{4CC51649-1951-4FFF-81A9-EDFD94E1193B}.Debug|x64.Build.0 = Debug|x64
		{4CC51649-1951-4FFF-81A9-EDFD94E1193B}.Debug|x64.Deploy.0 = Debug|x64
		{4CC51649-1951-4FFF-81A9-EDFD94E1193B}.Debug|x86.ActiveCfg = Debug|x86
		{4CC51649-1951-4FFF-81A9-EDFD94E1193B}.Debug|x86.Build.0 = Debug|x86
		{4CC51649-1951-4FFF-81A9-EDFD94E1193B}.Debug|x86.Deploy.0 = Debug|x86
		{4CC51649-1951-4FFF-81A9-EDFD94E1193B}.Release|Any CPU.ActiveCfg = Release|x86
		{4CC51649-1951-4FFF-81A9-EDFD94E1193B}.Release|Any CPU.Build.0 = Release|x86
		{4CC51649-1951-4FFF-81A9-EDFD94E1193B}.Release|Any CPU.Deploy.0 = Release|x86
		{4CC51649-1951-4FFF-81A9-EDFD94E1193B}.Release|ARM.ActiveCfg = Release|ARM
		{4CC51649-1951-4FFF-81A9-EDFD94E1193B}.Release|ARM.Build.0 = Release|ARM
		{4CC51649-1951-4FFF-81A9-EDFD94E1193B}.Release|ARM.Deploy.0 = Release|ARM
		{4CC51649-1951-4FFF-81A9-EDFD94E1193B}.Release|iPhone.ActiveCfg = Release|x86
		{4CC51649-1951-4FFF-81A9-EDFD94E1193B}.Release|iPhone.Build.0 = Release|x86
		{4CC51649-1951-4FFF-81A9-EDFD94E1193B}.Release|iPhone.Deploy.0 = Release|x86
		{4CC51649-1951-4FFF-81A9-EDFD94E1193B}.Release|iPhoneSimulator.ActiveCfg = Release|x86
		{4CC51649-1951-4FFF-81A9-EDFD94E1193B}.Release|iPhoneSimulator.Build.0 = Release|x86
		{4CC51649-1951-4FFF-81A9-EDFD94E1193B}.Release|iPhoneSimulator.Deploy.0 = Release|x86
		{4CC51649-1951-4FFF-81A9-EDFD94E1193B}.Release|x64.ActiveCfg = Release|x64
		{4CC51649-1951-4FFF-81A9-EDFD94E1193B}.Release|x64.Build.0 = Release|x64
		{4CC51649-1951-4FFF-81A9-EDFD94E1193B}.Release|x64.Deploy.0 = Release|x64
		{4CC51649-1951-4FFF-81A9-EDFD94E1193B}.Release|x86.ActiveCfg = Release|x86
		{4CC51649-1951-4FFF-81A9-EDFD94E1193B}.Release|x86.Build.0 = Release|x86
		{4CC51649-1951-4FFF-81A9-EDFD94E1193B}.Release|x86.Deploy.0 = Release|x86
		{2D4A1F6F-8A4F-4BBE-83EA-4ACFB85E97C1}.Debug|Any CPU.ActiveCfg = Debug|Any CPU
		{2D4A1F6F-8A4F-4BBE-83EA-4ACFB85E97C1}.Debug|Any CPU.Build.0 = Debug|Any CPU
		{2D4A1F6F-8A4F-4BBE-83EA-4ACFB85E97C1}.Debug|Any CPU.Deploy.0 = Debug|Any CPU
		{2D4A1F6F-8A4F-4BBE-83EA-4ACFB85E97C1}.Debug|ARM.ActiveCfg = Debug|Any CPU
		{2D4A1F6F-8A4F-4BBE-83EA-4ACFB85E97C1}.Debug|ARM.Build.0 = Debug|Any CPU
		{2D4A1F6F-8A4F-4BBE-83EA-4ACFB85E97C1}.Debug|ARM.Deploy.0 = Debug|Any CPU
		{2D4A1F6F-8A4F-4BBE-83EA-4ACFB85E97C1}.Debug|iPhone.ActiveCfg = Debug|Any CPU
		{2D4A1F6F-8A4F-4BBE-83EA-4ACFB85E97C1}.Debug|iPhone.Build.0 = Debug|Any CPU
		{2D4A1F6F-8A4F-4BBE-83EA-4ACFB85E97C1}.Debug|iPhone.Deploy.0 = Debug|Any CPU
		{2D4A1F6F-8A4F-4BBE-83EA-4ACFB85E97C1}.Debug|iPhoneSimulator.ActiveCfg = Debug|Any CPU
		{2D4A1F6F-8A4F-4BBE-83EA-4ACFB85E97C1}.Debug|iPhoneSimulator.Build.0 = Debug|Any CPU
		{2D4A1F6F-8A4F-4BBE-83EA-4ACFB85E97C1}.Debug|iPhoneSimulator.Deploy.0 = Debug|Any CPU
		{2D4A1F6F-8A4F-4BBE-83EA-4ACFB85E97C1}.Debug|x64.ActiveCfg = Debug|Any CPU
		{2D4A1F6F-8A4F-4BBE-83EA-4ACFB85E97C1}.Debug|x64.Build.0 = Debug|Any CPU
		{2D4A1F6F-8A4F-4BBE-83EA-4ACFB85E97C1}.Debug|x64.Deploy.0 = Debug|Any CPU
		{2D4A1F6F-8A4F-4BBE-83EA-4ACFB85E97C1}.Debug|x86.ActiveCfg = Debug|Any CPU
		{2D4A1F6F-8A4F-4BBE-83EA-4ACFB85E97C1}.Debug|x86.Build.0 = Debug|Any CPU
		{2D4A1F6F-8A4F-4BBE-83EA-4ACFB85E97C1}.Debug|x86.Deploy.0 = Debug|Any CPU
		{2D4A1F6F-8A4F-4BBE-83EA-4ACFB85E97C1}.Release|Any CPU.ActiveCfg = Release|Any CPU
		{2D4A1F6F-8A4F-4BBE-83EA-4ACFB85E97C1}.Release|Any CPU.Build.0 = Release|Any CPU
		{2D4A1F6F-8A4F-4BBE-83EA-4ACFB85E97C1}.Release|Any CPU.Deploy.0 = Release|Any CPU
		{2D4A1F6F-8A4F-4BBE-83EA-4ACFB85E97C1}.Release|ARM.ActiveCfg = Release|Any CPU
		{2D4A1F6F-8A4F-4BBE-83EA-4ACFB85E97C1}.Release|ARM.Build.0 = Release|Any CPU
		{2D4A1F6F-8A4F-4BBE-83EA-4ACFB85E97C1}.Release|ARM.Deploy.0 = Release|Any CPU
		{2D4A1F6F-8A4F-4BBE-83EA-4ACFB85E97C1}.Release|iPhone.ActiveCfg = Release|Any CPU
		{2D4A1F6F-8A4F-4BBE-83EA-4ACFB85E97C1}.Release|iPhone.Build.0 = Release|Any CPU
		{2D4A1F6F-8A4F-4BBE-83EA-4ACFB85E97C1}.Release|iPhone.Deploy.0 = Release|Any CPU
		{2D4A1F6F-8A4F-4BBE-83EA-4ACFB85E97C1}.Release|iPhoneSimulator.ActiveCfg = Release|Any CPU
		{2D4A1F6F-8A4F-4BBE-83EA-4ACFB85E97C1}.Release|iPhoneSimulator.Build.0 = Release|Any CPU
		{2D4A1F6F-8A4F-4BBE-83EA-4ACFB85E97C1}.Release|iPhoneSimulator.Deploy.0 = Release|Any CPU
		{2D4A1F6F-8A4F-4BBE-83EA-4ACFB85E97C1}.Release|x64.ActiveCfg = Release|Any CPU
		{2D4A1F6F-8A4F-4BBE-83EA-4ACFB85E97C1}.Release|x64.Build.0 = Release|Any CPU
		{2D4A1F6F-8A4F-4BBE-83EA-4ACFB85E97C1}.Release|x64.Deploy.0 = Release|Any CPU
		{2D4A1F6F-8A4F-4BBE-83EA-4ACFB85E97C1}.Release|x86.ActiveCfg = Release|Any CPU
		{2D4A1F6F-8A4F-4BBE-83EA-4ACFB85E97C1}.Release|x86.Build.0 = Release|Any CPU
		{2D4A1F6F-8A4F-4BBE-83EA-4ACFB85E97C1}.Release|x86.Deploy.0 = Release|Any CPU
		{D66A30B6-1B54-421A-854A-BF3371CFA7B9}.Debug|Any CPU.ActiveCfg = Debug|iPhoneSimulator
		{D66A30B6-1B54-421A-854A-BF3371CFA7B9}.Debug|Any CPU.Build.0 = Debug|iPhoneSimulator
		{D66A30B6-1B54-421A-854A-BF3371CFA7B9}.Debug|Any CPU.Deploy.0 = Debug|iPhoneSimulator
		{D66A30B6-1B54-421A-854A-BF3371CFA7B9}.Debug|ARM.ActiveCfg = Debug|iPhone
		{D66A30B6-1B54-421A-854A-BF3371CFA7B9}.Debug|ARM.Build.0 = Debug|iPhone
		{D66A30B6-1B54-421A-854A-BF3371CFA7B9}.Debug|ARM.Deploy.0 = Debug|iPhone
		{D66A30B6-1B54-421A-854A-BF3371CFA7B9}.Debug|iPhone.ActiveCfg = Debug|iPhone
		{D66A30B6-1B54-421A-854A-BF3371CFA7B9}.Debug|iPhone.Build.0 = Debug|iPhone
		{D66A30B6-1B54-421A-854A-BF3371CFA7B9}.Debug|iPhone.Deploy.0 = Debug|iPhone
		{D66A30B6-1B54-421A-854A-BF3371CFA7B9}.Debug|iPhoneSimulator.ActiveCfg = Debug|iPhoneSimulator
		{D66A30B6-1B54-421A-854A-BF3371CFA7B9}.Debug|iPhoneSimulator.Build.0 = Debug|iPhoneSimulator
		{D66A30B6-1B54-421A-854A-BF3371CFA7B9}.Debug|iPhoneSimulator.Deploy.0 = Debug|iPhoneSimulator
		{D66A30B6-1B54-421A-854A-BF3371CFA7B9}.Debug|x64.ActiveCfg = Debug|iPhoneSimulator
		{D66A30B6-1B54-421A-854A-BF3371CFA7B9}.Debug|x64.Build.0 = Debug|iPhoneSimulator
		{D66A30B6-1B54-421A-854A-BF3371CFA7B9}.Debug|x64.Deploy.0 = Debug|iPhoneSimulator
		{D66A30B6-1B54-421A-854A-BF3371CFA7B9}.Debug|x86.ActiveCfg = Debug|iPhoneSimulator
		{D66A30B6-1B54-421A-854A-BF3371CFA7B9}.Debug|x86.Deploy.0 = Debug|iPhoneSimulator
		{D66A30B6-1B54-421A-854A-BF3371CFA7B9}.Release|Any CPU.ActiveCfg = Release|iPhoneSimulator
		{D66A30B6-1B54-421A-854A-BF3371CFA7B9}.Release|Any CPU.Build.0 = Release|iPhoneSimulator
		{D66A30B6-1B54-421A-854A-BF3371CFA7B9}.Release|Any CPU.Deploy.0 = Release|iPhoneSimulator
		{D66A30B6-1B54-421A-854A-BF3371CFA7B9}.Release|ARM.ActiveCfg = Release|iPhoneSimulator
		{D66A30B6-1B54-421A-854A-BF3371CFA7B9}.Release|ARM.Build.0 = Release|iPhoneSimulator
		{D66A30B6-1B54-421A-854A-BF3371CFA7B9}.Release|ARM.Deploy.0 = Release|iPhoneSimulator
		{D66A30B6-1B54-421A-854A-BF3371CFA7B9}.Release|iPhone.ActiveCfg = Release|iPhone
		{D66A30B6-1B54-421A-854A-BF3371CFA7B9}.Release|iPhone.Build.0 = Release|iPhone
		{D66A30B6-1B54-421A-854A-BF3371CFA7B9}.Release|iPhone.Deploy.0 = Release|iPhone
		{D66A30B6-1B54-421A-854A-BF3371CFA7B9}.Release|iPhoneSimulator.ActiveCfg = Release|iPhoneSimulator
		{D66A30B6-1B54-421A-854A-BF3371CFA7B9}.Release|iPhoneSimulator.Build.0 = Release|iPhoneSimulator
		{D66A30B6-1B54-421A-854A-BF3371CFA7B9}.Release|iPhoneSimulator.Deploy.0 = Release|iPhoneSimulator
		{D66A30B6-1B54-421A-854A-BF3371CFA7B9}.Release|x64.ActiveCfg = Release|iPhoneSimulator
		{D66A30B6-1B54-421A-854A-BF3371CFA7B9}.Release|x64.Build.0 = Release|iPhoneSimulator
		{D66A30B6-1B54-421A-854A-BF3371CFA7B9}.Release|x64.Deploy.0 = Release|iPhoneSimulator
		{D66A30B6-1B54-421A-854A-BF3371CFA7B9}.Release|x86.ActiveCfg = Release|iPhoneSimulator
		{D66A30B6-1B54-421A-854A-BF3371CFA7B9}.Release|x86.Build.0 = Release|iPhoneSimulator
		{D66A30B6-1B54-421A-854A-BF3371CFA7B9}.Release|x86.Deploy.0 = Release|iPhoneSimulator
		{E67068A7-067F-4015-94B2-B05C2CC1FAA0}.Debug|Any CPU.ActiveCfg = Debug|Any CPU
		{E67068A7-067F-4015-94B2-B05C2CC1FAA0}.Debug|Any CPU.Build.0 = Debug|Any CPU
		{E67068A7-067F-4015-94B2-B05C2CC1FAA0}.Debug|Any CPU.Deploy.0 = Debug|Any CPU
		{E67068A7-067F-4015-94B2-B05C2CC1FAA0}.Debug|ARM.ActiveCfg = Debug|Any CPU
		{E67068A7-067F-4015-94B2-B05C2CC1FAA0}.Debug|ARM.Build.0 = Debug|Any CPU
		{E67068A7-067F-4015-94B2-B05C2CC1FAA0}.Debug|ARM.Deploy.0 = Debug|Any CPU
		{E67068A7-067F-4015-94B2-B05C2CC1FAA0}.Debug|iPhone.ActiveCfg = Debug|Any CPU
		{E67068A7-067F-4015-94B2-B05C2CC1FAA0}.Debug|iPhone.Build.0 = Debug|Any CPU
		{E67068A7-067F-4015-94B2-B05C2CC1FAA0}.Debug|iPhone.Deploy.0 = Debug|Any CPU
		{E67068A7-067F-4015-94B2-B05C2CC1FAA0}.Debug|iPhoneSimulator.ActiveCfg = Debug|Any CPU
		{E67068A7-067F-4015-94B2-B05C2CC1FAA0}.Debug|iPhoneSimulator.Build.0 = Debug|Any CPU
		{E67068A7-067F-4015-94B2-B05C2CC1FAA0}.Debug|iPhoneSimulator.Deploy.0 = Debug|Any CPU
		{E67068A7-067F-4015-94B2-B05C2CC1FAA0}.Debug|x64.ActiveCfg = Debug|Any CPU
		{E67068A7-067F-4015-94B2-B05C2CC1FAA0}.Debug|x64.Build.0 = Debug|Any CPU
		{E67068A7-067F-4015-94B2-B05C2CC1FAA0}.Debug|x64.Deploy.0 = Debug|Any CPU
		{E67068A7-067F-4015-94B2-B05C2CC1FAA0}.Debug|x86.ActiveCfg = Debug|Any CPU
		{E67068A7-067F-4015-94B2-B05C2CC1FAA0}.Debug|x86.Build.0 = Debug|Any CPU
		{E67068A7-067F-4015-94B2-B05C2CC1FAA0}.Debug|x86.Deploy.0 = Debug|Any CPU
		{E67068A7-067F-4015-94B2-B05C2CC1FAA0}.Release|Any CPU.ActiveCfg = Release|Any CPU
		{E67068A7-067F-4015-94B2-B05C2CC1FAA0}.Release|Any CPU.Build.0 = Release|Any CPU
		{E67068A7-067F-4015-94B2-B05C2CC1FAA0}.Release|Any CPU.Deploy.0 = Release|Any CPU
		{E67068A7-067F-4015-94B2-B05C2CC1FAA0}.Release|ARM.ActiveCfg = Release|Any CPU
		{E67068A7-067F-4015-94B2-B05C2CC1FAA0}.Release|ARM.Build.0 = Release|Any CPU
		{E67068A7-067F-4015-94B2-B05C2CC1FAA0}.Release|ARM.Deploy.0 = Release|Any CPU
		{E67068A7-067F-4015-94B2-B05C2CC1FAA0}.Release|iPhone.ActiveCfg = Release|Any CPU
		{E67068A7-067F-4015-94B2-B05C2CC1FAA0}.Release|iPhone.Build.0 = Release|Any CPU
		{E67068A7-067F-4015-94B2-B05C2CC1FAA0}.Release|iPhone.Deploy.0 = Release|Any CPU
		{E67068A7-067F-4015-94B2-B05C2CC1FAA0}.Release|iPhoneSimulator.ActiveCfg = Release|Any CPU
		{E67068A7-067F-4015-94B2-B05C2CC1FAA0}.Release|iPhoneSimulator.Build.0 = Release|Any CPU
		{E67068A7-067F-4015-94B2-B05C2CC1FAA0}.Release|iPhoneSimulator.Deploy.0 = Release|Any CPU
		{E67068A7-067F-4015-94B2-B05C2CC1FAA0}.Release|x64.ActiveCfg = Release|Any CPU
		{E67068A7-067F-4015-94B2-B05C2CC1FAA0}.Release|x64.Build.0 = Release|Any CPU
		{E67068A7-067F-4015-94B2-B05C2CC1FAA0}.Release|x64.Deploy.0 = Release|Any CPU
		{E67068A7-067F-4015-94B2-B05C2CC1FAA0}.Release|x86.ActiveCfg = Release|Any CPU
		{E67068A7-067F-4015-94B2-B05C2CC1FAA0}.Release|x86.Build.0 = Release|Any CPU
		{E67068A7-067F-4015-94B2-B05C2CC1FAA0}.Release|x86.Deploy.0 = Release|Any CPU
		{A5AFDC4F-7D71-440C-9CDA-D3208656D18A}.Debug|Any CPU.ActiveCfg = Debug|Any CPU
		{A5AFDC4F-7D71-440C-9CDA-D3208656D18A}.Debug|Any CPU.Build.0 = Debug|Any CPU
		{A5AFDC4F-7D71-440C-9CDA-D3208656D18A}.Debug|ARM.ActiveCfg = Debug|Any CPU
		{A5AFDC4F-7D71-440C-9CDA-D3208656D18A}.Debug|ARM.Build.0 = Debug|Any CPU
		{A5AFDC4F-7D71-440C-9CDA-D3208656D18A}.Debug|iPhone.ActiveCfg = Debug|Any CPU
		{A5AFDC4F-7D71-440C-9CDA-D3208656D18A}.Debug|iPhone.Build.0 = Debug|Any CPU
		{A5AFDC4F-7D71-440C-9CDA-D3208656D18A}.Debug|iPhoneSimulator.ActiveCfg = Debug|Any CPU
		{A5AFDC4F-7D71-440C-9CDA-D3208656D18A}.Debug|iPhoneSimulator.Build.0 = Debug|Any CPU
		{A5AFDC4F-7D71-440C-9CDA-D3208656D18A}.Debug|x64.ActiveCfg = Debug|Any CPU
		{A5AFDC4F-7D71-440C-9CDA-D3208656D18A}.Debug|x64.Build.0 = Debug|Any CPU
		{A5AFDC4F-7D71-440C-9CDA-D3208656D18A}.Debug|x86.ActiveCfg = Debug|Any CPU
		{A5AFDC4F-7D71-440C-9CDA-D3208656D18A}.Debug|x86.Build.0 = Debug|Any CPU
		{A5AFDC4F-7D71-440C-9CDA-D3208656D18A}.Release|Any CPU.ActiveCfg = Release|Any CPU
		{A5AFDC4F-7D71-440C-9CDA-D3208656D18A}.Release|Any CPU.Build.0 = Release|Any CPU
		{A5AFDC4F-7D71-440C-9CDA-D3208656D18A}.Release|ARM.ActiveCfg = Release|Any CPU
		{A5AFDC4F-7D71-440C-9CDA-D3208656D18A}.Release|ARM.Build.0 = Release|Any CPU
		{A5AFDC4F-7D71-440C-9CDA-D3208656D18A}.Release|iPhone.ActiveCfg = Release|Any CPU
		{A5AFDC4F-7D71-440C-9CDA-D3208656D18A}.Release|iPhone.Build.0 = Release|Any CPU
		{A5AFDC4F-7D71-440C-9CDA-D3208656D18A}.Release|iPhoneSimulator.ActiveCfg = Release|Any CPU
		{A5AFDC4F-7D71-440C-9CDA-D3208656D18A}.Release|iPhoneSimulator.Build.0 = Release|Any CPU
		{A5AFDC4F-7D71-440C-9CDA-D3208656D18A}.Release|x64.ActiveCfg = Release|Any CPU
		{A5AFDC4F-7D71-440C-9CDA-D3208656D18A}.Release|x64.Build.0 = Release|Any CPU
		{A5AFDC4F-7D71-440C-9CDA-D3208656D18A}.Release|x86.ActiveCfg = Release|Any CPU
		{A5AFDC4F-7D71-440C-9CDA-D3208656D18A}.Release|x86.Build.0 = Release|Any CPU
		{57FFD13C-3AC0-4564-A74E-E166C56EF9F7}.Debug|Any CPU.ActiveCfg = Debug|Any CPU
		{57FFD13C-3AC0-4564-A74E-E166C56EF9F7}.Debug|Any CPU.Build.0 = Debug|Any CPU
		{57FFD13C-3AC0-4564-A74E-E166C56EF9F7}.Debug|ARM.ActiveCfg = Debug|Any CPU
		{57FFD13C-3AC0-4564-A74E-E166C56EF9F7}.Debug|ARM.Build.0 = Debug|Any CPU
		{57FFD13C-3AC0-4564-A74E-E166C56EF9F7}.Debug|iPhone.ActiveCfg = Debug|Any CPU
		{57FFD13C-3AC0-4564-A74E-E166C56EF9F7}.Debug|iPhone.Build.0 = Debug|Any CPU
		{57FFD13C-3AC0-4564-A74E-E166C56EF9F7}.Debug|iPhoneSimulator.ActiveCfg = Debug|Any CPU
		{57FFD13C-3AC0-4564-A74E-E166C56EF9F7}.Debug|iPhoneSimulator.Build.0 = Debug|Any CPU
		{57FFD13C-3AC0-4564-A74E-E166C56EF9F7}.Debug|x64.ActiveCfg = Debug|Any CPU
		{57FFD13C-3AC0-4564-A74E-E166C56EF9F7}.Debug|x64.Build.0 = Debug|Any CPU
		{57FFD13C-3AC0-4564-A74E-E166C56EF9F7}.Debug|x86.ActiveCfg = Debug|Any CPU
		{57FFD13C-3AC0-4564-A74E-E166C56EF9F7}.Debug|x86.Build.0 = Debug|Any CPU
		{57FFD13C-3AC0-4564-A74E-E166C56EF9F7}.Release|Any CPU.ActiveCfg = Release|Any CPU
		{57FFD13C-3AC0-4564-A74E-E166C56EF9F7}.Release|Any CPU.Build.0 = Release|Any CPU
		{57FFD13C-3AC0-4564-A74E-E166C56EF9F7}.Release|ARM.ActiveCfg = Release|Any CPU
		{57FFD13C-3AC0-4564-A74E-E166C56EF9F7}.Release|ARM.Build.0 = Release|Any CPU
		{57FFD13C-3AC0-4564-A74E-E166C56EF9F7}.Release|iPhone.ActiveCfg = Release|Any CPU
		{57FFD13C-3AC0-4564-A74E-E166C56EF9F7}.Release|iPhone.Build.0 = Release|Any CPU
		{57FFD13C-3AC0-4564-A74E-E166C56EF9F7}.Release|iPhoneSimulator.ActiveCfg = Release|Any CPU
		{57FFD13C-3AC0-4564-A74E-E166C56EF9F7}.Release|iPhoneSimulator.Build.0 = Release|Any CPU
		{57FFD13C-3AC0-4564-A74E-E166C56EF9F7}.Release|x64.ActiveCfg = Release|Any CPU
		{57FFD13C-3AC0-4564-A74E-E166C56EF9F7}.Release|x64.Build.0 = Release|Any CPU
		{57FFD13C-3AC0-4564-A74E-E166C56EF9F7}.Release|x86.ActiveCfg = Release|Any CPU
		{57FFD13C-3AC0-4564-A74E-E166C56EF9F7}.Release|x86.Build.0 = Release|Any CPU
		{D2CC3A7D-DA27-4C17-9F91-1635F1424732}.Debug|Any CPU.ActiveCfg = Debug|Any CPU
		{D2CC3A7D-DA27-4C17-9F91-1635F1424732}.Debug|Any CPU.Build.0 = Debug|Any CPU
		{D2CC3A7D-DA27-4C17-9F91-1635F1424732}.Debug|ARM.ActiveCfg = Debug|Any CPU
		{D2CC3A7D-DA27-4C17-9F91-1635F1424732}.Debug|ARM.Build.0 = Debug|Any CPU
		{D2CC3A7D-DA27-4C17-9F91-1635F1424732}.Debug|iPhone.ActiveCfg = Debug|Any CPU
		{D2CC3A7D-DA27-4C17-9F91-1635F1424732}.Debug|iPhone.Build.0 = Debug|Any CPU
		{D2CC3A7D-DA27-4C17-9F91-1635F1424732}.Debug|iPhoneSimulator.ActiveCfg = Debug|Any CPU
		{D2CC3A7D-DA27-4C17-9F91-1635F1424732}.Debug|iPhoneSimulator.Build.0 = Debug|Any CPU
		{D2CC3A7D-DA27-4C17-9F91-1635F1424732}.Debug|x64.ActiveCfg = Debug|Any CPU
		{D2CC3A7D-DA27-4C17-9F91-1635F1424732}.Debug|x64.Build.0 = Debug|Any CPU
		{D2CC3A7D-DA27-4C17-9F91-1635F1424732}.Debug|x86.ActiveCfg = Debug|Any CPU
		{D2CC3A7D-DA27-4C17-9F91-1635F1424732}.Debug|x86.Build.0 = Debug|Any CPU
		{D2CC3A7D-DA27-4C17-9F91-1635F1424732}.Release|Any CPU.ActiveCfg = Release|Any CPU
		{D2CC3A7D-DA27-4C17-9F91-1635F1424732}.Release|Any CPU.Build.0 = Release|Any CPU
		{D2CC3A7D-DA27-4C17-9F91-1635F1424732}.Release|ARM.ActiveCfg = Release|Any CPU
		{D2CC3A7D-DA27-4C17-9F91-1635F1424732}.Release|ARM.Build.0 = Release|Any CPU
		{D2CC3A7D-DA27-4C17-9F91-1635F1424732}.Release|iPhone.ActiveCfg = Release|Any CPU
		{D2CC3A7D-DA27-4C17-9F91-1635F1424732}.Release|iPhone.Build.0 = Release|Any CPU
		{D2CC3A7D-DA27-4C17-9F91-1635F1424732}.Release|iPhoneSimulator.ActiveCfg = Release|Any CPU
		{D2CC3A7D-DA27-4C17-9F91-1635F1424732}.Release|iPhoneSimulator.Build.0 = Release|Any CPU
		{D2CC3A7D-DA27-4C17-9F91-1635F1424732}.Release|x64.ActiveCfg = Release|Any CPU
		{D2CC3A7D-DA27-4C17-9F91-1635F1424732}.Release|x64.Build.0 = Release|Any CPU
		{D2CC3A7D-DA27-4C17-9F91-1635F1424732}.Release|x86.ActiveCfg = Release|Any CPU
		{D2CC3A7D-DA27-4C17-9F91-1635F1424732}.Release|x86.Build.0 = Release|Any CPU
	EndGlobalSection
	GlobalSection(SolutionProperties) = preSolution
		HideSolutionNode = FALSE
	EndGlobalSection
	GlobalSection(ExtensibilityGlobals) = postSolution
		SolutionGuid = {722FD32F-CDB0-4112-B173-B2E8168DAA93}
	EndGlobalSection
EndGlobal
